
Microsoft Visual Studio Solution File, Format Version 12.00
# Visual Studio 2012
Project("{FAE04EC0-301F-11D3-BF4B-00C04F79EFBC}") = "TwiTumblrProject", "TwiTumblrProject\TwiTumblrProject.csproj", "{2F2E7AB8-2700-4A0F-AB50-27CC454AF413}"
EndProject
Global
	GlobalSection(SolutionConfigurationPlatforms) = preSolution
		Debug|iPhoneSimulator = Debug|iPhoneSimulator
		Release|iPhoneSimulator = Release|iPhoneSimulator
		Debug|iPhone = Debug|iPhone
		Release|iPhone = Release|iPhone
		Ad-Hoc|iPhone = Ad-Hoc|iPhone
		AppStore|iPhone = AppStore|iPhone
	EndGlobalSection
	GlobalSection(ProjectConfigurationPlatforms) = postSolution
		{2F2E7AB8-2700-4A0F-AB50-27CC454AF413}.Ad-Hoc|iPhone.ActiveCfg = Ad-Hoc|iPhone
		{2F2E7AB8-2700-4A0F-AB50-27CC454AF413}.Ad-Hoc|iPhone.Build.0 = Ad-Hoc|iPhone
		{2F2E7AB8-2700-4A0F-AB50-27CC454AF413}.AppStore|iPhone.ActiveCfg = AppStore|iPhone
		{2F2E7AB8-2700-4A0F-AB50-27CC454AF413}.AppStore|iPhone.Build.0 = AppStore|iPhone
		{2F2E7AB8-2700-4A0F-AB50-27CC454AF413}.Debug|iPhone.ActiveCfg = Debug|iPhone
		{2F2E7AB8-2700-4A0F-AB50-27CC454AF413}.Debug|iPhone.Build.0 = Debug|iPhone
		{2F2E7AB8-2700-4A0F-AB50-27CC454AF413}.Debug|iPhoneSimulator.ActiveCfg = Debug|iPhoneSimulator
		{2F2E7AB8-2700-4A0F-AB50-27CC454AF413}.Debug|iPhoneSimulator.Build.0 = Debug|iPhoneSimulator
		{2F2E7AB8-2700-4A0F-AB50-27CC454AF413}.Release|iPhone.ActiveCfg = Release|iPhone
		{2F2E7AB8-2700-4A0F-AB50-27CC454AF413}.Release|iPhone.Build.0 = Release|iPhone
		{2F2E7AB8-2700-4A0F-AB50-27CC454AF413}.Release|iPhoneSimulator.ActiveCfg = Release|iPhoneSimulator
		{2F2E7AB8-2700-4A0F-AB50-27CC454AF413}.Release|iPhoneSimulator.Build.0 = Release|iPhoneSimulator
	EndGlobalSection
	GlobalSection(MonoDevelopProperties) = preSolution
		StartupItem = TwiTumblrProject\TwiTumblrProject.csproj
	EndGlobalSection
EndGlobal
